Microsoft Visual Studio Solution File, Format Version 12.00
Project("{FAE04EC0-301F-11D3-BF4B-00C04F79EFBC}") = "Osrm.Client.Standard", "Osrm.Client.Standard\Osrm.Client.Standard.csproj", "{0F3E3933-E516-4E07-A455-157D110F902E}"
EndProject
Project("{FAE04EC0-301F-11D3-BF4B-00C04F79EFBC}") = "Osrm.Client.Standard.Demo", "Osrm.Client.Standard.Demo\Osrm.Client.Standard.Demo.csproj", "{A8D54A99-5890-49CC-A886-2CB5DB6F65E1}"
EndProject
Project("{FAE04EC0-301F-11D3-BF4B-00C04F79EFBC}") = "Osrm.Client.Standard.Tests", "Osrm.Client.Standard.Tests\Osrm.Client.Standard.Tests.csproj", "{05F5D190-4832-4DCD-BCFC-7F6A635BE7F6}"
EndProject
Global
	GlobalSection(SolutionConfigurationPlatforms) = preSolution
		Debug|Any CPU = Debug|Any CPU
		Release|Any CPU = Release|Any CPU
	EndGlobalSection
	GlobalSection(ProjectConfigurationPlatforms) = postSolution
		{0F3E3933-E516-4E07-A455-157D110F902E}.Debug|Any CPU.ActiveCfg = Debug|Any CPU
		{0F3E3933-E516-4E07-A455-157D110F902E}.Debug|Any CPU.Build.0 = Debug|Any CPU
		{0F3E3933-E516-4E07-A455-157D110F902E}.Release|Any CPU.ActiveCfg = Release|Any CPU
		{0F3E3933-E516-4E07-A455-157D110F902E}.Release|Any CPU.Build.0 = Release|Any CPU
		{A8D54A99-5890-49CC-A886-2CB5DB6F65E1}.Debug|Any CPU.ActiveCfg = Debug|Any CPU
		{A8D54A99-5890-49CC-A886-2CB5DB6F65E1}.Debug|Any CPU.Build.0 = Debug|Any CPU
		{A8D54A99-5890-49CC-A886-2CB5DB6F65E1}.Release|Any CPU.ActiveCfg = Release|Any CPU
		{A8D54A99-5890-49CC-A886-2CB5DB6F65E1}.Release|Any CPU.Build.0 = Release|Any CPU
		{05F5D190-4832-4DCD-BCFC-7F6A635BE7F6}.Debug|Any CPU.ActiveCfg = Debug|Any CPU
		{05F5D190-4832-4DCD-BCFC-7F6A635BE7F6}.Debug|Any CPU.Build.0 = Debug|Any CPU
		{05F5D190-4832-4DCD-BCFC-7F6A635BE7F6}.Release|Any CPU.ActiveCfg = Release|Any CPU
		{05F5D190-4832-4DCD-BCFC-7F6A635BE7F6}.Release|Any CPU.Build.0 = Release|Any CPU
	EndGlobalSection
	GlobalSection(SolutionProperties) = preSolution
		HideSolutionNode = FALSE
	EndGlobalSection
EndGlobal
